
Microsoft Visual Studio Solution File, Format Version 12.00
# Visual Studio Version 17
VisualStudioVersion = 17.3.32929.385
MinimumVisualStudioVersion = 10.0.40219.1
Project("{FAE04EC0-301F-11D3-BF4B-00C04F79EFBC}") = "gena", "gena.csproj", "{3C9A6455-D57B-4264-8C4E-EE06BCAFF31C}"
EndProject
Global
	GlobalSection(SolutionConfigurationPlatforms) = preSolution
		Debug|Any CPU = Debug|Any CPU
		Release|Any CPU = Release|Any CPU
	EndGlobalSection
	GlobalSection(ProjectConfigurationPlatforms) = postSolution
		{3C9A6455-D57B-4264-8C4E-EE06BCAFF31C}.Debug|Any CPU.ActiveCfg = Debug|Any CPU
		{3C9A6455-D57B-4264-8C4E-EE06BCAFF31C}.Debug|Any CPU.Build.0 = Debug|Any CPU
		{3C9A6455-D57B-4264-8C4E-EE06BCAFF31C}.Release|Any CPU.ActiveCfg = Release|Any CPU
		{3C9A6455-D57B-4264-8C4E-EE06BCAFF31C}.Release|Any CPU.Build.0 = Release|Any CPU
	EndGlobalSection
	GlobalSection(SolutionProperties) = preSolution
		HideSolutionNode = FALSE
	EndGlobalSection
	GlobalSection(ExtensibilityGlobals) = postSolution
		SolutionGuid = {603B8A8A-D095-426B-B1DA-CFC1E19F5A30}
	EndGlobalSection
EndGlobal
